
Microsoft Visual Studio Solution File, Format Version 12.00
Project("{FAE04EC0-301F-11D3-BF4B-00C04F79EFBC}") = "CedarDotNet.Console", "CedarDotNet.Console\CedarDotNet.Console.csproj", "{29A686F7-6F6A-44FE-9B2E-CE760A2D6C11}"
EndProject
Project("{FAE04EC0-301F-11D3-BF4B-00C04F79EFBC}") = "CedarDotNet", "CedarDotNet\CedarDotNet.csproj", "{6C40DCCE-15FC-4355-8E08-8B4A4815C2FD}"
EndProject
Global
	GlobalSection(SolutionConfigurationPlatforms) = preSolution
		Debug|Any CPU = Debug|Any CPU
		Release|Any CPU = Release|Any CPU
	EndGlobalSection
	GlobalSection(ProjectConfigurationPlatforms) = postSolution
		{29A686F7-6F6A-44FE-9B2E-CE760A2D6C11}.Debug|Any CPU.ActiveCfg = Debug|Any CPU
		{29A686F7-6F6A-44FE-9B2E-CE760A2D6C11}.Debug|Any CPU.Build.0 = Debug|Any CPU
		{29A686F7-6F6A-44FE-9B2E-CE760A2D6C11}.Release|Any CPU.ActiveCfg = Release|Any CPU
		{29A686F7-6F6A-44FE-9B2E-CE760A2D6C11}.Release|Any CPU.Build.0 = Release|Any CPU
		{6C40DCCE-15FC-4355-8E08-8B4A4815C2FD}.Debug|Any CPU.ActiveCfg = Debug|Any CPU
		{6C40DCCE-15FC-4355-8E08-8B4A4815C2FD}.Debug|Any CPU.Build.0 = Debug|Any CPU
		{6C40DCCE-15FC-4355-8E08-8B4A4815C2FD}.Release|Any CPU.ActiveCfg = Release|Any CPU
		{6C40DCCE-15FC-4355-8E08-8B4A4815C2FD}.Release|Any CPU.Build.0 = Release|Any CPU
	EndGlobalSection
EndGlobal
